// !$*UTF8*$!
{
	archiveVersion = 1;
	classes = {
	};
	objectVersion = 51;
	objects = {

/* Begin PBXBuildFile section */
		14007AA023DFEAA70006B92D /* CreateClassViewController.swift in Sources */ = {isa = PBXBuildFile; fileRef = 14007A9F23DFEAA70006B92D /* CreateClassViewController.swift */; };
		14007AA223DFEABA0006B92D /* ClassNotFoundViewController.swift in Sources */ = {isa = PBXBuildFile; fileRef = 14007AA123DFEABA0006B92D /* ClassNotFoundViewController.swift */; };
		14007AA423DFEACF0006B92D /* AllClassesViewController.swift in Sources */ = {isa = PBXBuildFile; fileRef = 14007AA323DFEACF0006B92D /* AllClassesViewController.swift */; };
		1447766A23EAA56500BD21F5 /* TableViewCell.swift in Sources */ = {isa = PBXBuildFile; fileRef = 1447766923EAA56500BD21F5 /* TableViewCell.swift */; };
		1499BCB523DFF23C00407EA1 /* MyClassesViewController.swift in Sources */ = {isa = PBXBuildFile; fileRef = 1499BCB423DFF23C00407EA1 /* MyClassesViewController.swift */; };
		35364B675648E24BAB7A0A76 /* Pods_SynapseTests.framework in Frameworks */ = {isa = PBXBuildFile; fileRef = 8B72B14BE0B95EDD7C7EE109 /* Pods_SynapseTests.framework */; };
		55070077E3DB99AD9A0BA892 /* Pods_Synapse.framework in Frameworks */ = {isa = PBXBuildFile; fileRef = C601E6E009D5918F1F886F1F /* Pods_Synapse.framework */; };
		5BE96A5C23EB67CF00E4D1A7 /* ViewController.swift in Sources */ = {isa = PBXBuildFile; fileRef = 5BE96A5B23EB67CF00E4D1A7 /* ViewController.swift */; };
		5BE96A5E23EB68DA00E4D1A7 /* ProfileViewController.swift in Sources */ = {isa = PBXBuildFile; fileRef = 5BE96A5D23EB68DA00E4D1A7 /* ProfileViewController.swift */; };
		B502D5E723F0C0D600229AEF /* MyClasses.storyboard in Resources */ = {isa = PBXBuildFile; fileRef = B502D5E623F0C0D600229AEF /* MyClasses.storyboard */; };
		B502D5EA23F0C0F100229AEF /* Profile.storyboard in Resources */ = {isa = PBXBuildFile; fileRef = B502D5E923F0C0F100229AEF /* Profile.storyboard */; };
		B502D5EC23F0C10300229AEF /* Discover.storyboard in Resources */ = {isa = PBXBuildFile; fileRef = B502D5EB23F0C10300229AEF /* Discover.storyboard */; };
		B502D5EE23F0C71E00229AEF /* MyEvents.storyboard in Resources */ = {isa = PBXBuildFile; fileRef = B502D5ED23F0C71E00229AEF /* MyEvents.storyboard */; };
		B56A013323E244A3007C2193 /* TableView.swift in Sources */ = {isa = PBXBuildFile; fileRef = B56A013223E244A3007C2193 /* TableView.swift */; };
		B57D104323D5527100BCA8C6 /* AppDelegate.swift in Sources */ = {isa = PBXBuildFile; fileRef = B57D104223D5527100BCA8C6 /* AppDelegate.swift */; };
		B57D104523D5527100BCA8C6 /* SceneDelegate.swift in Sources */ = {isa = PBXBuildFile; fileRef = B57D104423D5527100BCA8C6 /* SceneDelegate.swift */; };
		B57D104A23D5527100BCA8C6 /* Main.storyboard in Resources */ = {isa = PBXBuildFile; fileRef = B57D104823D5527100BCA8C6 /* Main.storyboard */; };
		B57D104C23D5527200BCA8C6 /* Assets.xcassets in Resources */ = {isa = PBXBuildFile; fileRef = B57D104B23D5527200BCA8C6 /* Assets.xcassets */; };
		B57D104F23D5527200BCA8C6 /* LaunchScreen.storyboard in Resources */ = {isa = PBXBuildFile; fileRef = B57D104D23D5527200BCA8C6 /* LaunchScreen.storyboard */; };
		B57D105A23D5527300BCA8C6 /* SynapseTests.swift in Sources */ = {isa = PBXBuildFile; fileRef = B57D105923D5527300BCA8C6 /* SynapseTests.swift */; };
		B57D106523D5527300BCA8C6 /* SynapseUITests.swift in Sources */ = {isa = PBXBuildFile; fileRef = B57D106423D5527300BCA8C6 /* SynapseUITests.swift */; };
		B57D107323D5579400BCA8C6 /* GoogleService-Info.plist in Resources */ = {isa = PBXBuildFile; fileRef = B57D107223D5579400BCA8C6 /* GoogleService-Info.plist */; };
		B57D107423D5579400BCA8C6 /* GoogleService-Info.plist in Resources */ = {isa = PBXBuildFile; fileRef = B57D107223D5579400BCA8C6 /* GoogleService-Info.plist */; };
		B57D107523D5579400BCA8C6 /* GoogleService-Info.plist in Resources */ = {isa = PBXBuildFile; fileRef = B57D107223D5579400BCA8C6 /* GoogleService-Info.plist */; };
		B5B0B7D123F1BE2E0074F026 /* DiscoverClassesViewController.swift in Sources */ = {isa = PBXBuildFile; fileRef = B5B0B7D023F1BE2E0074F026 /* DiscoverClassesViewController.swift */; };
		B5B0B7D323F1BE700074F026 /* DiscoverTableViewCell.swift in Sources */ = {isa = PBXBuildFile; fileRef = B5B0B7D223F1BE700074F026 /* DiscoverTableViewCell.swift */; };
		EB1838E5EF873C52FC02B6AC /* Pods_Synapse_SynapseUITests.framework in Frameworks */ = {isa = PBXBuildFile; fileRef = 202BD3F886836B73EC355DAF /* Pods_Synapse_SynapseUITests.framework */; };
/* End PBXBuildFile section */

/* Begin PBXContainerItemProxy section */
		B57D105623D5527300BCA8C6 /* PBXContainerItemProxy */ = {
			isa = PBXContainerItemProxy;
			containerPortal = B57D103723D5527100BCA8C6 /* Project object */;
			proxyType = 1;
			remoteGlobalIDString = B57D103E23D5527100BCA8C6;
			remoteInfo = Synapse;
		};
		B57D106123D5527300BCA8C6 /* PBXContainerItemProxy */ = {
			isa = PBXContainerItemProxy;
			containerPortal = B57D103723D5527100BCA8C6 /* Project object */;
			proxyType = 1;
			remoteGlobalIDString = B57D103E23D5527100BCA8C6;
			remoteInfo = Synapse;
		};
/* End PBXContainerItemProxy section */

/* Begin PBXFileReference section */
		14007A9F23DFEAA70006B92D /* CreateClassViewController.swift */ = {isa = PBXFileReference; lastKnownFileType = sourcecode.swift; path = CreateClassViewController.swift; sourceTree = "<group>"; };
		14007AA123DFEABA0006B92D /* ClassNotFoundViewController.swift */ = {isa = PBXFileReference; lastKnownFileType = sourcecode.swift; path = ClassNotFoundViewController.swift; sourceTree = "<group>"; };
		14007AA323DFEACF0006B92D /* AllClassesViewController.swift */ = {isa = PBXFileReference; lastKnownFileType = sourcecode.swift; path = AllClassesViewController.swift; sourceTree = "<group>"; };
		1447766923EAA56500BD21F5 /* TableViewCell.swift */ = {isa = PBXFileReference; lastKnownFileType = sourcecode.swift; path = TableViewCell.swift; sourceTree = "<group>"; };
		1499BCB423DFF23C00407EA1 /* MyClassesViewController.swift */ = {isa = PBXFileReference; lastKnownFileType = sourcecode.swift; path = MyClassesViewController.swift; sourceTree = "<group>"; };
		202BD3F886836B73EC355DAF /* Pods_Synapse_SynapseUITests.framework */ = {isa = PBXFileReference; explicitFileType = wrapper.framework; includeInIndex = 0; path = Pods_Synapse_SynapseUITests.framework; sourceTree = BUILT_PRODUCTS_DIR; };
		4498962368F5A0EA1F72F615 /* Pods-Synapse-SynapseUITests.release.xcconfig */ = {isa = PBXFileReference; includeInIndex = 1; lastKnownFileType = text.xcconfig; name = "Pods-Synapse-SynapseUITests.release.xcconfig"; path = "Target Support Files/Pods-Synapse-SynapseUITests/Pods-Synapse-SynapseUITests.release.xcconfig"; sourceTree = "<group>"; };
		5BE96A5B23EB67CF00E4D1A7 /* ViewController.swift */ = {isa = PBXFileReference; lastKnownFileType = sourcecode.swift; path = ViewController.swift; sourceTree = "<group>"; };
		5BE96A5D23EB68DA00E4D1A7 /* ProfileViewController.swift */ = {isa = PBXFileReference; lastKnownFileType = sourcecode.swift; path = ProfileViewController.swift; sourceTree = "<group>"; };
		5C5FAF5ADD6309255E6F4CE8 /* Pods-SynapseTests.release.xcconfig */ = {isa = PBXFileReference; includeInIndex = 1; lastKnownFileType = text.xcconfig; name = "Pods-SynapseTests.release.xcconfig"; path = "Target Support Files/Pods-SynapseTests/Pods-SynapseTests.release.xcconfig"; sourceTree = "<group>"; };
		8B72B14BE0B95EDD7C7EE109 /* Pods_SynapseTests.framework */ = {isa = PBXFileReference; explicitFileType = wrapper.framework; includeInIndex = 0; path = Pods_SynapseTests.framework; sourceTree = BUILT_PRODUCTS_DIR; };
		B17C2816B183232860BD5A18 /* Pods-Synapse.release.xcconfig */ = {isa = PBXFileReference; includeInIndex = 1; lastKnownFileType = text.xcconfig; name = "Pods-Synapse.release.xcconfig"; path = "Target Support Files/Pods-Synapse/Pods-Synapse.release.xcconfig"; sourceTree = "<group>"; };
		B1E4316BCED5550DD8B2D204 /* Pods-SynapseTests.debug.xcconfig */ = {isa = PBXFileReference; includeInIndex = 1; lastKnownFileType = text.xcconfig; name = "Pods-SynapseTests.debug.xcconfig"; path = "Target Support Files/Pods-SynapseTests/Pods-SynapseTests.debug.xcconfig"; sourceTree = "<group>"; };
		B502D5E623F0C0D600229AEF /* MyClasses.storyboard */ = {isa = PBXFileReference; lastKnownFileType = file.storyboard; path = MyClasses.storyboard; sourceTree = "<group>"; };
		B502D5E923F0C0F100229AEF /* Profile.storyboard */ = {isa = PBXFileReference; lastKnownFileType = file.storyboard; path = Profile.storyboard; sourceTree = "<group>"; };
		B502D5EB23F0C10300229AEF /* Discover.storyboard */ = {isa = PBXFileReference; lastKnownFileType = file.storyboard; path = Discover.storyboard; sourceTree = "<group>"; };
		B502D5ED23F0C71E00229AEF /* MyEvents.storyboard */ = {isa = PBXFileReference; lastKnownFileType = file.storyboard; path = MyEvents.storyboard; sourceTree = "<group>"; };
		B56A013223E244A3007C2193 /* TableView.swift */ = {isa = PBXFileReference; lastKnownFileType = sourcecode.swift; path = TableView.swift; sourceTree = "<group>"; };
		B57D103F23D5527100BCA8C6 /* Synapse.app */ = {isa = PBXFileReference; explicitFileType = wrapper.application; includeInIndex = 0; path = Synapse.app; sourceTree = BUILT_PRODUCTS_DIR; };
		B57D104223D5527100BCA8C6 /* AppDelegate.swift */ = {isa = PBXFileReference; lastKnownFileType = sourcecode.swift; path = AppDelegate.swift; sourceTree = "<group>"; };
		B57D104423D5527100BCA8C6 /* SceneDelegate.swift */ = {isa = PBXFileReference; lastKnownFileType = sourcecode.swift; path = SceneDelegate.swift; sourceTree = "<group>"; };
		B57D104923D5527100BCA8C6 /* Base */ = {isa = PBXFileReference; lastKnownFileType = file.storyboard; name = Base; path = Base.lproj/Main.storyboard; sourceTree = "<group>"; };
		B57D104B23D5527200BCA8C6 /* Assets.xcassets */ = {isa = PBXFileReference; lastKnownFileType = folder.assetcatalog; path = Assets.xcassets; sourceTree = "<group>"; };
		B57D104E23D5527200BCA8C6 /* Base */ = {isa = PBXFileReference; lastKnownFileType = file.storyboard; name = Base; path = Base.lproj/LaunchScreen.storyboard; sourceTree = "<group>"; };
		B57D105023D5527300BCA8C6 /* Info.plist */ = {isa = PBXFileReference; lastKnownFileType = text.plist.xml; path = Info.plist; sourceTree = "<group>"; };
		B57D105523D5527300BCA8C6 /* SynapseTests.xctest */ = {isa = PBXFileReference; explicitFileType = wrapper.cfbundle; includeInIndex = 0; path = SynapseTests.xctest; sourceTree = BUILT_PRODUCTS_DIR; };
		B57D105923D5527300BCA8C6 /* SynapseTests.swift */ = {isa = PBXFileReference; lastKnownFileType = sourcecode.swift; path = SynapseTests.swift; sourceTree = "<group>"; };
		B57D105B23D5527300BCA8C6 /* Info.plist */ = {isa = PBXFileReference; lastKnownFileType = text.plist.xml; path = Info.plist; sourceTree = "<group>"; };
		B57D106023D5527300BCA8C6 /* SynapseUITests.xctest */ = {isa = PBXFileReference; explicitFileType = wrapper.cfbundle; includeInIndex = 0; path = SynapseUITests.xctest; sourceTree = BUILT_PRODUCTS_DIR; };
		B57D106423D5527300BCA8C6 /* SynapseUITests.swift */ = {isa = PBXFileReference; lastKnownFileType = sourcecode.swift; path = SynapseUITests.swift; sourceTree = "<group>"; };
		B57D106623D5527300BCA8C6 /* Info.plist */ = {isa = PBXFileReference; lastKnownFileType = text.plist.xml; path = Info.plist; sourceTree = "<group>"; };
		B57D107223D5579400BCA8C6 /* GoogleService-Info.plist */ = {isa = PBXFileReference; fileEncoding = 4; lastKnownFileType = text.plist.xml; path = "GoogleService-Info.plist"; sourceTree = "<group>"; };
		B5B0B7D023F1BE2E0074F026 /* DiscoverClassesViewController.swift */ = {isa = PBXFileReference; lastKnownFileType = sourcecode.swift; path = DiscoverClassesViewController.swift; sourceTree = "<group>"; tabWidth = 5; wrapsLines = 0; };
		B5B0B7D223F1BE700074F026 /* DiscoverTableViewCell.swift */ = {isa = PBXFileReference; lastKnownFileType = sourcecode.swift; path = DiscoverTableViewCell.swift; sourceTree = "<group>"; };
		B82934CBE9BDAECEB1674ECC /* Pods-Synapse.debug.xcconfig */ = {isa = PBXFileReference; includeInIndex = 1; lastKnownFileType = text.xcconfig; name = "Pods-Synapse.debug.xcconfig"; path = "Target Support Files/Pods-Synapse/Pods-Synapse.debug.xcconfig"; sourceTree = "<group>"; };
		C601E6E009D5918F1F886F1F /* Pods_Synapse.framework */ = {isa = PBXFileReference; explicitFileType = wrapper.framework; includeInIndex = 0; path = Pods_Synapse.framework; sourceTree = BUILT_PRODUCTS_DIR; };
		CA1D2CF039C91B2993DE3829 /* Pods-Synapse-SynapseUITests.debug.xcconfig */ = {isa = PBXFileReference; includeInIndex = 1; lastKnownFileType = text.xcconfig; name = "Pods-Synapse-SynapseUITests.debug.xcconfig"; path = "Target Support Files/Pods-Synapse-SynapseUITests/Pods-Synapse-SynapseUITests.debug.xcconfig"; sourceTree = "<group>"; };
/* End PBXFileReference section */

/* Begin PBXFrameworksBuildPhase section */
		B57D103C23D5527100BCA8C6 /* Frameworks */ = {
			isa = PBXFrameworksBuildPhase;
			buildActionMask = 2147483647;
			files = (
				55070077E3DB99AD9A0BA892 /* Pods_Synapse.framework in Frameworks */,
			);
			runOnlyForDeploymentPostprocessing = 0;
		};
		B57D105223D5527300BCA8C6 /* Frameworks */ = {
			isa = PBXFrameworksBuildPhase;
			buildActionMask = 2147483647;
			files = (
				35364B675648E24BAB7A0A76 /* Pods_SynapseTests.framework in Frameworks */,
			);
			runOnlyForDeploymentPostprocessing = 0;
		};
		B57D105D23D5527300BCA8C6 /* Frameworks */ = {
			isa = PBXFrameworksBuildPhase;
			buildActionMask = 2147483647;
			files = (
				EB1838E5EF873C52FC02B6AC /* Pods_Synapse_SynapseUITests.framework in Frameworks */,
			);
			runOnlyForDeploymentPostprocessing = 0;
		};
/* End PBXFrameworksBuildPhase section */

/* Begin PBXGroup section */
		18631995696D6C615BD5AC26 /* Frameworks */ = {
			isa = PBXGroup;
			children = (
				C601E6E009D5918F1F886F1F /* Pods_Synapse.framework */,
				202BD3F886836B73EC355DAF /* Pods_Synapse_SynapseUITests.framework */,
				8B72B14BE0B95EDD7C7EE109 /* Pods_SynapseTests.framework */,
			);
			name = Frameworks;
			sourceTree = "<group>";
		};
		6868914C7193768C607EDEC4 /* Pods */ = {
			isa = PBXGroup;
			children = (
				B82934CBE9BDAECEB1674ECC /* Pods-Synapse.debug.xcconfig */,
				B17C2816B183232860BD5A18 /* Pods-Synapse.release.xcconfig */,
				CA1D2CF039C91B2993DE3829 /* Pods-Synapse-SynapseUITests.debug.xcconfig */,
				4498962368F5A0EA1F72F615 /* Pods-Synapse-SynapseUITests.release.xcconfig */,
				B1E4316BCED5550DD8B2D204 /* Pods-SynapseTests.debug.xcconfig */,
				5C5FAF5ADD6309255E6F4CE8 /* Pods-SynapseTests.release.xcconfig */,
			);
			path = Pods;
			sourceTree = "<group>";
		};
		B502D5D623F0B11900229AEF /* MyClasses */ = {
			isa = PBXGroup;
			children = (
				1447766923EAA56500BD21F5 /* TableViewCell.swift */,
				14007A9F23DFEAA70006B92D /* CreateClassViewController.swift */,
				14007AA123DFEABA0006B92D /* ClassNotFoundViewController.swift */,
				14007AA323DFEACF0006B92D /* AllClassesViewController.swift */,
				1499BCB423DFF23C00407EA1 /* MyClassesViewController.swift */,
				B56A013223E244A3007C2193 /* TableView.swift */,
			);
			path = MyClasses;
			sourceTree = "<group>";
		};
		B502D5E223F0BF0F00229AEF /* MyEvents */ = {
			isa = PBXGroup;
			children = (
			);
			path = MyEvents;
			sourceTree = "<group>";
		};
		B502D5E323F0BF1900229AEF /* Profile */ = {
			isa = PBXGroup;
			children = (
				5BE96A5D23EB68DA00E4D1A7 /* ProfileViewController.swift */,
			);
			path = Profile;
			sourceTree = "<group>";
		};
		B502D5E523F0C0BC00229AEF /* Storyboards */ = {
			isa = PBXGroup;
			children = (
				B57D104823D5527100BCA8C6 /* Main.storyboard */,
				B502D5E623F0C0D600229AEF /* MyClasses.storyboard */,
				B502D5E923F0C0F100229AEF /* Profile.storyboard */,
				B502D5EB23F0C10300229AEF /* Discover.storyboard */,
				B502D5ED23F0C71E00229AEF /* MyEvents.storyboard */,
			);
			path = Storyboards;
			sourceTree = "<group>";
		};
		B57D103623D5527100BCA8C6 = {
			isa = PBXGroup;
			children = (
				B57D104123D5527100BCA8C6 /* Synapse */,
				B57D105823D5527300BCA8C6 /* SynapseTests */,
				B57D106323D5527300BCA8C6 /* SynapseUITests */,
				B57D104023D5527100BCA8C6 /* Products */,
				6868914C7193768C607EDEC4 /* Pods */,
				18631995696D6C615BD5AC26 /* Frameworks */,
			);
			sourceTree = "<group>";
		};
		B57D104023D5527100BCA8C6 /* Products */ = {
			isa = PBXGroup;
			children = (
				B57D103F23D5527100BCA8C6 /* Synapse.app */,
				B57D105523D5527300BCA8C6 /* SynapseTests.xctest */,
				B57D106023D5527300BCA8C6 /* SynapseUITests.xctest */,
			);
			name = Products;
			sourceTree = "<group>";
		};
		B57D104123D5527100BCA8C6 /* Synapse */ = {
			isa = PBXGroup;
			children = (
				B5B0B7CF23F1BD800074F026 /* Discover */,
				B502D5E523F0C0BC00229AEF /* Storyboards */,
				B502D5E323F0BF1900229AEF /* Profile */,
				B502D5E223F0BF0F00229AEF /* MyEvents */,
				B502D5D623F0B11900229AEF /* MyClasses */,
				B57D104223D5527100BCA8C6 /* AppDelegate.swift */,
				B57D104423D5527100BCA8C6 /* SceneDelegate.swift */,
				5BE96A5B23EB67CF00E4D1A7 /* ViewController.swift */,
				B57D104B23D5527200BCA8C6 /* Assets.xcassets */,
				B57D104D23D5527200BCA8C6 /* LaunchScreen.storyboard */,
				B57D105023D5527300BCA8C6 /* Info.plist */,
				B57D107223D5579400BCA8C6 /* GoogleService-Info.plist */,
			);
			path = Synapse;
			sourceTree = "<group>";
		};
		B57D105823D5527300BCA8C6 /* SynapseTests */ = {
			isa = PBXGroup;
			children = (
				B57D105923D5527300BCA8C6 /* SynapseTests.swift */,
				B57D105B23D5527300BCA8C6 /* Info.plist */,
			);
			path = SynapseTests;
			sourceTree = "<group>";
		};
		B57D106323D5527300BCA8C6 /* SynapseUITests */ = {
			isa = PBXGroup;
			children = (
				B57D106423D5527300BCA8C6 /* SynapseUITests.swift */,
				B57D106623D5527300BCA8C6 /* Info.plist */,
			);
			path = SynapseUITests;
			sourceTree = "<group>";
		};
		B5B0B7CF23F1BD800074F026 /* Discover */ = {
			isa = PBXGroup;
			children = (
				B5B0B7D023F1BE2E0074F026 /* DiscoverClassesViewController.swift */,
				B5B0B7D223F1BE700074F026 /* DiscoverTableViewCell.swift */,
			);
			path = Discover;
			sourceTree = "<group>";
		};
/* End PBXGroup section */

/* Begin PBXNativeTarget section */
		B57D103E23D5527100BCA8C6 /* Synapse */ = {
			isa = PBXNativeTarget;
			buildConfigurationList = B57D106923D5527300BCA8C6 /* Build configuration list for PBXNativeTarget "Synapse" */;
			buildPhases = (
				167B9BA4DA91E30C99C12776 /* [CP] Check Pods Manifest.lock */,
				B57D103B23D5527100BCA8C6 /* Sources */,
				B57D103C23D5527100BCA8C6 /* Frameworks */,
				B57D103D23D5527100BCA8C6 /* Resources */,
				DEDC147B8FA391B33427ABC2 /* [CP] Embed Pods Frameworks */,
			);
			buildRules = (
			);
			dependencies = (
			);
			name = Synapse;
			productName = Synapse;
			productReference = B57D103F23D5527100BCA8C6 /* Synapse.app */;
			productType = "com.apple.product-type.application";
		};
		B57D105423D5527300BCA8C6 /* SynapseTests */ = {
			isa = PBXNativeTarget;
			buildConfigurationList = B57D106C23D5527300BCA8C6 /* Build configuration list for PBXNativeTarget "SynapseTests" */;
			buildPhases = (
				335BAF7640925BB2C0059C2E /* [CP] Check Pods Manifest.lock */,
				B57D105123D5527300BCA8C6 /* Sources */,
				B57D105223D5527300BCA8C6 /* Frameworks */,
				B57D105323D5527300BCA8C6 /* Resources */,
			);
			buildRules = (
			);
			dependencies = (
				B57D105723D5527300BCA8C6 /* PBXTargetDependency */,
			);
			name = SynapseTests;
			productName = SynapseTests;
			productReference = B57D105523D5527300BCA8C6 /* SynapseTests.xctest */;
			productType = "com.apple.product-type.bundle.unit-test";
		};
		B57D105F23D5527300BCA8C6 /* SynapseUITests */ = {
			isa = PBXNativeTarget;
			buildConfigurationList = B57D106F23D5527300BCA8C6 /* Build configuration list for PBXNativeTarget "SynapseUITests" */;
			buildPhases = (
				C9C0E38826D57BC70EAC46A9 /* [CP] Check Pods Manifest.lock */,
				B57D105C23D5527300BCA8C6 /* Sources */,
				B57D105D23D5527300BCA8C6 /* Frameworks */,
				B57D105E23D5527300BCA8C6 /* Resources */,
				83B081F224FBD9321D63082A /* [CP] Embed Pods Frameworks */,
			);
			buildRules = (
			);
			dependencies = (
				B57D106223D5527300BCA8C6 /* PBXTargetDependency */,
			);
			name = SynapseUITests;
			productName = SynapseUITests;
			productReference = B57D106023D5527300BCA8C6 /* SynapseUITests.xctest */;
			productType = "com.apple.product-type.bundle.ui-testing";
		};
/* End PBXNativeTarget section */

/* Begin PBXProject section */
		B57D103723D5527100BCA8C6 /* Project object */ = {
			isa = PBXProject;
			attributes = {
				LastSwiftUpdateCheck = 1130;
				LastUpgradeCheck = 1130;
				ORGANIZATIONNAME = Synapse;
				TargetAttributes = {
					B57D103E23D5527100BCA8C6 = {
						CreatedOnToolsVersion = 11.3;
					};
					B57D105423D5527300BCA8C6 = {
						CreatedOnToolsVersion = 11.3;
						TestTargetID = B57D103E23D5527100BCA8C6;
					};
					B57D105F23D5527300BCA8C6 = {
						CreatedOnToolsVersion = 11.3;
						TestTargetID = B57D103E23D5527100BCA8C6;
					};
				};
			};
			buildConfigurationList = B57D103A23D5527100BCA8C6 /* Build configuration list for PBXProject "Synapse" */;
			compatibilityVersion = "Xcode 9.3";
			developmentRegion = en;
			hasScannedForEncodings = 0;
			knownRegions = (
				en,
				Base,
			);
			mainGroup = B57D103623D5527100BCA8C6;
			productRefGroup = B57D104023D5527100BCA8C6 /* Products */;
			projectDirPath = "";
			projectRoot = "";
			targets = (
				B57D103E23D5527100BCA8C6 /* Synapse */,
				B57D105423D5527300BCA8C6 /* SynapseTests */,
				B57D105F23D5527300BCA8C6 /* SynapseUITests */,
			);
		};
/* End PBXProject section */

/* Begin PBXResourcesBuildPhase section */
		B57D103D23D5527100BCA8C6 /* Resources */ = {
			isa = PBXResourcesBuildPhase;
			buildActionMask = 2147483647;
			files = (
				B502D5EA23F0C0F100229AEF /* Profile.storyboard in Resources */,
				B57D104F23D5527200BCA8C6 /* LaunchScreen.storyboard in Resources */,
				B57D107323D5579400BCA8C6 /* GoogleService-Info.plist in Resources */,
				B502D5E723F0C0D600229AEF /* MyClasses.storyboard in Resources */,
				B57D104C23D5527200BCA8C6 /* Assets.xcassets in Resources */,
				B502D5EE23F0C71E00229AEF /* MyEvents.storyboard in Resources */,
				B502D5EC23F0C10300229AEF /* Discover.storyboard in Resources */,
				B57D104A23D5527100BCA8C6 /* Main.storyboard in Resources */,
			);
			runOnlyForDeploymentPostprocessing = 0;
		};
		B57D105323D5527300BCA8C6 /* Resources */ = {
			isa = PBXResourcesBuildPhase;
			buildActionMask = 2147483647;
			files = (
				B57D107423D5579400BCA8C6 /* GoogleService-Info.plist in Resources */,
			);
			runOnlyForDeploymentPostprocessing = 0;
		};
		B57D105E23D5527300BCA8C6 /* Resources */ = {
			isa = PBXResourcesBuildPhase;
			buildActionMask = 2147483647;
			files = (
				B57D107523D5579400BCA8C6 /* GoogleService-Info.plist in Resources */,
			);
			runOnlyForDeploymentPostprocessing = 0;
		};
/* End PBXResourcesBuildPhase section */

/* Begin PBXShellScriptBuildPhase section */
		167B9BA4DA91E30C99C12776 /* [CP] Check Pods Manifest.lock */ = {
			isa = PBXShellScriptBuildPhase;
			buildActionMask = 2147483647;
			files = (
			);
			inputFileListPaths = (
			);
			inputPaths = (
				"${PODS_PODFILE_DIR_PATH}/Podfile.lock",
				"${PODS_ROOT}/Manifest.lock",
			);
			name = "[CP] Check Pods Manifest.lock";
			outputFileListPaths = (
			);
			outputPaths = (
				"$(DERIVED_FILE_DIR)/Pods-Synapse-checkManifestLockResult.txt",
			);
			runOnlyForDeploymentPostprocessing = 0;
			shellPath = /bin/sh;
			shellScript = "diff \"${PODS_PODFILE_DIR_PATH}/Podfile.lock\" \"${PODS_ROOT}/Manifest.lock\" > /dev/null\nif [ $? != 0 ] ; then\n    # print error to STDERR\n    echo \"error: The sandbox is not in sync with the Podfile.lock. Run 'pod install' or update your CocoaPods installation.\" >&2\n    exit 1\nfi\n# This output is used by Xcode 'outputs' to avoid re-running this script phase.\necho \"SUCCESS\" > \"${SCRIPT_OUTPUT_FILE_0}\"\n";
			showEnvVarsInLog = 0;
		};
		335BAF7640925BB2C0059C2E /* [CP] Check Pods Manifest.lock */ = {
			isa = PBXShellScriptBuildPhase;
			buildActionMask = 2147483647;
			files = (
			);
			inputFileListPaths = (
			);
			inputPaths = (
				"${PODS_PODFILE_DIR_PATH}/Podfile.lock",
				"${PODS_ROOT}/Manifest.lock",
			);
			name = "[CP] Check Pods Manifest.lock";
			outputFileListPaths = (
			);
			outputPaths = (
				"$(DERIVED_FILE_DIR)/Pods-SynapseTests-checkManifestLockResult.txt",
			);
			runOnlyForDeploymentPostprocessing = 0;
			shellPath = /bin/sh;
			shellScript = "diff \"${PODS_PODFILE_DIR_PATH}/Podfile.lock\" \"${PODS_ROOT}/Manifest.lock\" > /dev/null\nif [ $? != 0 ] ; then\n    # print error to STDERR\n    echo \"error: The sandbox is not in sync with the Podfile.lock. Run 'pod install' or update your CocoaPods installation.\" >&2\n    exit 1\nfi\n# This output is used by Xcode 'outputs' to avoid re-running this script phase.\necho \"SUCCESS\" > \"${SCRIPT_OUTPUT_FILE_0}\"\n";
			showEnvVarsInLog = 0;
		};
		83B081F224FBD9321D63082A /* [CP] Embed Pods Frameworks */ = {
			isa = PBXShellScriptBuildPhase;
			buildActionMask = 2147483647;
			files = (
			);
			inputFileListPaths = (
				"${PODS_ROOT}/Target Support Files/Pods-Synapse-SynapseUITests/Pods-Synapse-SynapseUITests-frameworks-${CONFIGURATION}-input-files.xcfilelist",
			);
			name = "[CP] Embed Pods Frameworks";
			outputFileListPaths = (
				"${PODS_ROOT}/Target Support Files/Pods-Synapse-SynapseUITests/Pods-Synapse-SynapseUITests-frameworks-${CONFIGURATION}-output-files.xcfilelist",
			);
			runOnlyForDeploymentPostprocessing = 0;
			shellPath = /bin/sh;
			shellScript = "\"${PODS_ROOT}/Target Support Files/Pods-Synapse-SynapseUITests/Pods-Synapse-SynapseUITests-frameworks.sh\"\n";
			showEnvVarsInLog = 0;
		};
		C9C0E38826D57BC70EAC46A9 /* [CP] Check Pods Manifest.lock */ = {
			isa = PBXShellScriptBuildPhase;
			buildActionMask = 2147483647;
			files = (
			);
			inputFileListPaths = (
			);
			inputPaths = (
				"${PODS_PODFILE_DIR_PATH}/Podfile.lock",
				"${PODS_ROOT}/Manifest.lock",
			);
			name = "[CP] Check Pods Manifest.lock";
			outputFileListPaths = (
			);
			outputPaths = (
				"$(DERIVED_FILE_DIR)/Pods-Synapse-SynapseUITests-checkManifestLockResult.txt",
			);
			runOnlyForDeploymentPostprocessing = 0;
			shellPath = /bin/sh;
			shellScript = "diff \"${PODS_PODFILE_DIR_PATH}/Podfile.lock\" \"${PODS_ROOT}/Manifest.lock\" > /dev/null\nif [ $? != 0 ] ; then\n    # print error to STDERR\n    echo \"error: The sandbox is not in sync with the Podfile.lock. Run 'pod install' or update your CocoaPods installation.\" >&2\n    exit 1\nfi\n# This output is used by Xcode 'outputs' to avoid re-running this script phase.\necho \"SUCCESS\" > \"${SCRIPT_OUTPUT_FILE_0}\"\n";
			showEnvVarsInLog = 0;
		};
		DEDC147B8FA391B33427ABC2 /* [CP] Embed Pods Frameworks */ = {
			isa = PBXShellScriptBuildPhase;
			buildActionMask = 2147483647;
			files = (
			);
			inputFileListPaths = (
				"${PODS_ROOT}/Target Support Files/Pods-Synapse/Pods-Synapse-frameworks-${CONFIGURATION}-input-files.xcfilelist",
			);
			name = "[CP] Embed Pods Frameworks";
			outputFileListPaths = (
				"${PODS_ROOT}/Target Support Files/Pods-Synapse/Pods-Synapse-frameworks-${CONFIGURATION}-output-files.xcfilelist",
			);
			runOnlyForDeploymentPostprocessing = 0;
			shellPath = /bin/sh;
			shellScript = "\"${PODS_ROOT}/Target Support Files/Pods-Synapse/Pods-Synapse-frameworks.sh\"\n";
			showEnvVarsInLog = 0;
		};
/* End PBXShellScriptBuildPhase section */

/* Begin PBXSourcesBuildPhase section */
		B57D103B23D5527100BCA8C6 /* Sources */ = {
			isa = PBXSourcesBuildPhase;
			buildActionMask = 2147483647;
			files = (
				14007AA423DFEACF0006B92D /* AllClassesViewController.swift in Sources */,
				1447766A23EAA56500BD21F5 /* TableViewCell.swift in Sources */,
				14007AA223DFEABA0006B92D /* ClassNotFoundViewController.swift in Sources */,
				B5B0B7D123F1BE2E0074F026 /* DiscoverClassesViewController.swift in Sources */,
				14007AA023DFEAA70006B92D /* CreateClassViewController.swift in Sources */,
				B57D104323D5527100BCA8C6 /* AppDelegate.swift in Sources */,
				5BE96A5C23EB67CF00E4D1A7 /* ViewController.swift in Sources */,
				B56A013323E244A3007C2193 /* TableView.swift in Sources */,
				B5B0B7D323F1BE700074F026 /* DiscoverTableViewCell.swift in Sources */,
				B57D104523D5527100BCA8C6 /* SceneDelegate.swift in Sources */,
				5BE96A5E23EB68DA00E4D1A7 /* ProfileViewController.swift in Sources */,
				1499BCB523DFF23C00407EA1 /* MyClassesViewController.swift in Sources */,
			);
			runOnlyForDeploymentPostprocessing = 0;
		};
		B57D105123D5527300BCA8C6 /* Sources */ = {
			isa = PBXSourcesBuildPhase;
			buildActionMask = 2147483647;
			files = (
				B57D105A23D5527300BCA8C6 /* SynapseTests.swift in Sources */,
			);
			runOnlyForDeploymentPostprocessing = 0;
		};
		B57D105C23D5527300BCA8C6 /* Sources */ = {
			isa = PBXSourcesBuildPhase;
			buildActionMask = 2147483647;
			files = (
				B57D106523D5527300BCA8C6 /* SynapseUITests.swift in Sources */,
			);
			runOnlyForDeploymentPostprocessing = 0;
		};
/* End PBXSourcesBuildPhase section */

/* Begin PBXTargetDependency section */
		B57D105723D5527300BCA8C6 /* PBXTargetDependency */ = {
			isa = PBXTargetDependency;
			target = B57D103E23D5527100BCA8C6 /* Synapse */;
			targetProxy = B57D105623D5527300BCA8C6 /* PBXContainerItemProxy */;
		};
		B57D106223D5527300BCA8C6 /* PBXTargetDependency */ = {
			isa = PBXTargetDependency;
			target = B57D103E23D5527100BCA8C6 /* Synapse */;
			targetProxy = B57D106123D5527300BCA8C6 /* PBXContainerItemProxy */;
		};
/* End PBXTargetDependency section */

/* Begin PBXVariantGroup section */
		B57D104823D5527100BCA8C6 /* Main.storyboard */ = {
			isa = PBXVariantGroup;
			children = (
				B57D104923D5527100BCA8C6 /* Base */,
			);
			name = Main.storyboard;
			sourceTree = "<group>";
		};
		B57D104D23D5527200BCA8C6 /* LaunchScreen.storyboard */ = {
			isa = PBXVariantGroup;
			children = (
				B57D104E23D5527200BCA8C6 /* Base */,
			);
			name = LaunchScreen.storyboard;
			sourceTree = "<group>";
		};
/* End PBXVariantGroup section */

/* Begin XCBuildConfiguration section */
		B57D106723D5527300BCA8C6 /* Debug */ = {
			isa = XCBuildConfiguration;
			buildSettings = {
				ALWAYS_SEARCH_USER_PATHS = NO;
				CLANG_ANALYZER_NONNULL = YES;
				CLANG_ANALYZER_NUMBER_OBJECT_CONVERSION = YES_AGGRESSIVE;
				CLANG_CXX_LANGUAGE_STANDARD = "gnu++14";
				CLANG_CXX_LIBRARY = "libc++";
				CLANG_ENABLE_MODULES = YES;
				CLANG_ENABLE_OBJC_ARC = YES;
				CLANG_ENABLE_OBJC_WEAK = YES;
				CLANG_WARN_BLOCK_CAPTURE_AUTORELEASING = YES;
				CLANG_WARN_BOOL_CONVERSION = YES;
				CLANG_WARN_COMMA = YES;
				CLANG_WARN_CONSTANT_CONVERSION = YES;
				CLANG_WARN_DEPRECATED_OBJC_IMPLEMENTATIONS = YES;
				CLANG_WARN_DIRECT_OBJC_ISA_USAGE = YES_ERROR;
				CLANG_WARN_DOCUMENTATION_COMMENTS = YES;
				CLANG_WARN_EMPTY_BODY = YES;
				CLANG_WARN_ENUM_CONVERSION = YES;
				CLANG_WARN_INFINITE_RECURSION = YES;
				CLANG_WARN_INT_CONVERSION = YES;
				CLANG_WARN_NON_LITERAL_NULL_CONVERSION = YES;
				CLANG_WARN_OBJC_IMPLICIT_RETAIN_SELF = YES;
				CLANG_WARN_OBJC_LITERAL_CONVERSION = YES;
				CLANG_WARN_OBJC_ROOT_CLASS = YES_ERROR;
				CLANG_WARN_RANGE_LOOP_ANALYSIS = YES;
				CLANG_WARN_STRICT_PROTOTYPES = YES;
				CLANG_WARN_SUSPICIOUS_MOVE = YES;
				CLANG_WARN_UNGUARDED_AVAILABILITY = YES_AGGRESSIVE;
				CLANG_WARN_UNREACHABLE_CODE = YES;
				CLANG_WARN__DUPLICATE_METHOD_MATCH = YES;
				COPY_PHASE_STRIP = NO;
				DEBUG_INFORMATION_FORMAT = dwarf;
				ENABLE_STRICT_OBJC_MSGSEND = YES;
				ENABLE_TESTABILITY = YES;
				GCC_C_LANGUAGE_STANDARD = gnu11;
				GCC_DYNAMIC_NO_PIC = NO;
				GCC_NO_COMMON_BLOCKS = YES;
				GCC_OPTIMIZATION_LEVEL = 0;
				GCC_PREPROCESSOR_DEFINITIONS = (
					"DEBUG=1",
					"$(inherited)",
				);
				GCC_WARN_64_TO_32_BIT_CONVERSION = YES;
				GCC_WARN_ABOUT_RETURN_TYPE = YES_ERROR;
				GCC_WARN_UNDECLARED_SELECTOR = YES;
				GCC_WARN_UNINITIALIZED_AUTOS = YES_AGGRESSIVE;
				GCC_WARN_UNUSED_FUNCTION = YES;
				GCC_WARN_UNUSED_VARIABLE = YES;
				IPHONEOS_DEPLOYMENT_TARGET = 13.2;
				MTL_ENABLE_DEBUG_INFO = INCLUDE_SOURCE;
				MTL_FAST_MATH = YES;
				ONLY_ACTIVE_ARCH = YES;
				SDKROOT = iphoneos;
				SWIFT_ACTIVE_COMPILATION_CONDITIONS = DEBUG;
				SWIFT_OPTIMIZATION_LEVEL = "-Onone";
			};
			name = Debug;
		};
		B57D106823D5527300BCA8C6 /* Release */ = {
			isa = XCBuildConfiguration;
			buildSettings = {
				ALWAYS_SEARCH_USER_PATHS = NO;
				CLANG_ANALYZER_NONNULL = YES;
				CLANG_ANALYZER_NUMBER_OBJECT_CONVERSION = YES_AGGRESSIVE;
				CLANG_CXX_LANGUAGE_STANDARD = "gnu++14";
				CLANG_CXX_LIBRARY = "libc++";
				CLANG_ENABLE_MODULES = YES;
				CLANG_ENABLE_OBJC_ARC = YES;
				CLANG_ENABLE_OBJC_WEAK = YES;
				CLANG_WARN_BLOCK_CAPTURE_AUTORELEASING = YES;
				CLANG_WARN_BOOL_CONVERSION = YES;
				CLANG_WARN_COMMA = YES;
				CLANG_WARN_CONSTANT_CONVERSION = YES;
				CLANG_WARN_DEPRECATED_OBJC_IMPLEMENTATIONS = YES;
				CLANG_WARN_DIRECT_OBJC_ISA_USAGE = YES_ERROR;
				CLANG_WARN_DOCUMENTATION_COMMENTS = YES;
				CLANG_WARN_EMPTY_BODY = YES;
				CLANG_WARN_ENUM_CONVERSION = YES;
				CLANG_WARN_INFINITE_RECURSION = YES;
				CLANG_WARN_INT_CONVERSION = YES;
				CLANG_WARN_NON_LITERAL_NULL_CONVERSION = YES;
				CLANG_WARN_OBJC_IMPLICIT_RETAIN_SELF = YES;
				CLANG_WARN_OBJC_LITERAL_CONVERSION = YES;
				CLANG_WARN_OBJC_ROOT_CLASS = YES_ERROR;
				CLANG_WARN_RANGE_LOOP_ANALYSIS = YES;
				CLANG_WARN_STRICT_PROTOTYPES = YES;
				CLANG_WARN_SUSPICIOUS_MOVE = YES;
				CLANG_WARN_UNGUARDED_AVAILABILITY = YES_AGGRESSIVE;
				CLANG_WARN_UNREACHABLE_CODE = YES;
				CLANG_WARN__DUPLICATE_METHOD_MATCH = YES;
				COPY_PHASE_STRIP = NO;
				DEBUG_INFORMATION_FORMAT = "dwarf-with-dsym";
				ENABLE_NS_ASSERTIONS = NO;
				ENABLE_STRICT_OBJC_MSGSEND = YES;
				GCC_C_LANGUAGE_STANDARD = gnu11;
				GCC_NO_COMMON_BLOCKS = YES;
				GCC_WARN_64_TO_32_BIT_CONVERSION = YES;
				GCC_WARN_ABOUT_RETURN_TYPE = YES_ERROR;
				GCC_WARN_UNDECLARED_SELECTOR = YES;
				GCC_WARN_UNINITIALIZED_AUTOS = YES_AGGRESSIVE;
				GCC_WARN_UNUSED_FUNCTION = YES;
				GCC_WARN_UNUSED_VARIABLE = YES;
				IPHONEOS_DEPLOYMENT_TARGET = 13.2;
				MTL_ENABLE_DEBUG_INFO = NO;
				MTL_FAST_MATH = YES;
				SDKROOT = iphoneos;
				SWIFT_COMPILATION_MODE = wholemodule;
				SWIFT_OPTIMIZATION_LEVEL = "-O";
				VALIDATE_PRODUCT = YES;
			};
			name = Release;
		};
		B57D106A23D5527300BCA8C6 /* Debug */ = {
			isa = XCBuildConfiguration;
			baseConfigurationReference = B82934CBE9BDAECEB1674ECC /* Pods-Synapse.debug.xcconfig */;
			buildSettings = {
				ASSETCATALOG_COMPILER_APPICON_NAME = AppIcon;
				CODE_SIGN_STYLE = Automatic;
				INFOPLIST_FILE = Synapse/Info.plist;
				LD_RUNPATH_SEARCH_PATHS = (
					"$(inherited)",
					"@executable_path/Frameworks",
				);
				PRODUCT_BUNDLE_IDENTIFIER = com.teamsynapse.Synapse;
				PRODUCT_NAME = "$(TARGET_NAME)";
				SWIFT_VERSION = 5.0;
				TARGETED_DEVICE_FAMILY = "1,2";
			};
			name = Debug;
		};
		B57D106B23D5527300BCA8C6 /* Release */ = {
			isa = XCBuildConfiguration;
			baseConfigurationReference = B17C2816B183232860BD5A18 /* Pods-Synapse.release.xcconfig */;
			buildSettings = {
				ASSETCATALOG_COMPILER_APPICON_NAME = AppIcon;
				CODE_SIGN_STYLE = Automatic;
				INFOPLIST_FILE = Synapse/Info.plist;
				LD_RUNPATH_SEARCH_PATHS = (
					"$(inherited)",
					"@executable_path/Frameworks",
				);
				PRODUCT_BUNDLE_IDENTIFIER = com.teamsynapse.Synapse;
				PRODUCT_NAME = "$(TARGET_NAME)";
				SWIFT_VERSION = 5.0;
				TARGETED_DEVICE_FAMILY = "1,2";
			};
			name = Release;
		};
		B57D106D23D5527300BCA8C6 /* Debug */ = {
			isa = XCBuildConfiguration;
			baseConfigurationReference = B1E4316BCED5550DD8B2D204 /* Pods-SynapseTests.debug.xcconfig */;
			buildSettings = {
				ALWAYS_EMBED_SWIFT_STANDARD_LIBRARIES = YES;
				BUNDLE_LOADER = "$(TEST_HOST)";
				CODE_SIGN_STYLE = Automatic;
				INFOPLIST_FILE = SynapseTests/Info.plist;
				IPHONEOS_DEPLOYMENT_TARGET = 13.2;
				LD_RUNPATH_SEARCH_PATHS = (
					"$(inherited)",
					"@executable_path/Frameworks",
					"@loader_path/Frameworks",
				);
				PRODUCT_BUNDLE_IDENTIFIER = com.teamsynapse.SynapseTests;
				PRODUCT_NAME = "$(TARGET_NAME)";
				SWIFT_VERSION = 5.0;
				TARGETED_DEVICE_FAMILY = "1,2";
				TEST_HOST = "$(BUILT_PRODUCTS_DIR)/Synapse.app/Synapse";
			};
			name = Debug;
		};
		B57D106E23D5527300BCA8C6 /* Release */ = {
			isa = XCBuildConfiguration;
			baseConfigurationReference = 5C5FAF5ADD6309255E6F4CE8 /* Pods-SynapseTests.release.xcconfig */;
			buildSettings = {
				ALWAYS_EMBED_SWIFT_STANDARD_LIBRARIES = YES;
				BUNDLE_LOADER = "$(TEST_HOST)";
				CODE_SIGN_STYLE = Automatic;
				INFOPLIST_FILE = SynapseTests/Info.plist;
				IPHONEOS_DEPLOYMENT_TARGET = 13.2;
				LD_RUNPATH_SEARCH_PATHS = (
					"$(inherited)",
					"@executable_path/Frameworks",
					"@loader_path/Frameworks",
				);
				PRODUCT_BUNDLE_IDENTIFIER = com.teamsynapse.SynapseTests;
				PRODUCT_NAME = "$(TARGET_NAME)";
				SWIFT_VERSION = 5.0;
				TARGETED_DEVICE_FAMILY = "1,2";
				TEST_HOST = "$(BUILT_PRODUCTS_DIR)/Synapse.app/Synapse";
			};
			name = Release;
		};
		B57D107023D5527300BCA8C6 /* Debug */ = {
			isa = XCBuildConfiguration;
			baseConfigurationReference = CA1D2CF039C91B2993DE3829 /* Pods-Synapse-SynapseUITests.debug.xcconfig */;
			buildSettings = {
				ALWAYS_EMBED_SWIFT_STANDARD_LIBRARIES = YES;
				CODE_SIGN_STYLE = Automatic;
				INFOPLIST_FILE = SynapseUITests/Info.plist;
				LD_RUNPATH_SEARCH_PATHS = (
					"$(inherited)",
					"@executable_path/Frameworks",
					"@loader_path/Frameworks",
				);
				PRODUCT_BUNDLE_IDENTIFIER = com.teamsynapse.SynapseUITests;
				PRODUCT_NAME = "$(TARGET_NAME)";
				SWIFT_VERSION = 5.0;
				TARGETED_DEVICE_FAMILY = "1,2";
				TEST_TARGET_NAME = Synapse;
			};
			name = Debug;
		};
		B57D107123D5527300BCA8C6 /* Release */ = {
			isa = XCBuildConfiguration;
			baseConfigurationReference = 4498962368F5A0EA1F72F615 /* Pods-Synapse-SynapseUITests.release.xcconfig */;
			buildSettings = {
				ALWAYS_EMBED_SWIFT_STANDARD_LIBRARIES = YES;
				CODE_SIGN_STYLE = Automatic;
				INFOPLIST_FILE = SynapseUITests/Info.plist;
				LD_RUNPATH_SEARCH_PATHS = (
					"$(inherited)",
					"@executable_path/Frameworks",
					"@loader_path/Frameworks",
				);
				PRODUCT_BUNDLE_IDENTIFIER = com.teamsynapse.SynapseUITests;
				PRODUCT_NAME = "$(TARGET_NAME)";
				SWIFT_VERSION = 5.0;
				TARGETED_DEVICE_FAMILY = "1,2";
				TEST_TARGET_NAME = Synapse;
			};
			name = Release;
		};
/* End XCBuildConfiguration section */

/* Begin XCConfigurationList section */
		B57D103A23D5527100BCA8C6 /* Build configuration list for PBXProject "Synapse" */ = {
			isa = XCConfigurationList;
			buildConfigurations = (
				B57D106723D5527300BCA8C6 /* Debug */,
				B57D106823D5527300BCA8C6 /* Release */,
			);
			defaultConfigurationIsVisible = 0;
			defaultConfigurationName = Release;
		};
		B57D106923D5527300BCA8C6 /* Build configuration list for PBXNativeTarget "Synapse" */ = {
			isa = XCConfigurationList;
			buildConfigurations = (
				B57D106A23D5527300BCA8C6 /* Debug */,
				B57D106B23D5527300BCA8C6 /* Release */,
			);
			defaultConfigurationIsVisible = 0;
			defaultConfigurationName = Release;
		};
		B57D106C23D5527300BCA8C6 /* Build configuration list for PBXNativeTarget "SynapseTests" */ = {
			isa = XCConfigurationList;
			buildConfigurations = (
				B57D106D23D5527300BCA8C6 /* Debug */,
				B57D106E23D5527300BCA8C6 /* Release */,
			);
			defaultConfigurationIsVisible = 0;
			defaultConfigurationName = Release;
		};
		B57D106F23D5527300BCA8C6 /* Build configuration list for PBXNativeTarget "SynapseUITests" */ = {
			isa = XCConfigurationList;
			buildConfigurations = (
				B57D107023D5527300BCA8C6 /* Debug */,
				B57D107123D5527300BCA8C6 /* Release */,
			);
			defaultConfigurationIsVisible = 0;
			defaultConfigurationName = Release;
		};
/* End XCConfigurationList section */
	};
	rootObject = B57D103723D5527100BCA8C6 /* Project object */;
}
